// !$*UTF8*$!
{
	archiveVersion = 1;
	classes = {
	};
	objectVersion = 50;
	objects = {

/* Begin PBXBuildFile section */
		4D9EFE6325808DE300A1214E /* AppDelegate.swift in Sources */ = {isa = PBXBuildFile; fileRef = 4D9EFE6225808DE300A1214E /* AppDelegate.swift */; };
		4D9EFE6525808DE300A1214E /* SceneDelegate.swift in Sources */ = {isa = PBXBuildFile; fileRef = 4D9EFE6425808DE300A1214E /* SceneDelegate.swift */; };
		4D9EFE6725808DE300A1214E /* ViewController.swift in Sources */ = {isa = PBXBuildFile; fileRef = 4D9EFE6625808DE300A1214E /* ViewController.swift */; };
		4D9EFE6A25808DE300A1214E /* Main.storyboard in Resources */ = {isa = PBXBuildFile; fileRef = 4D9EFE6825808DE300A1214E /* Main.storyboard */; };
		4D9EFE6C25808DE400A1214E /* Assets.xcassets in Resources */ = {isa = PBXBuildFile; fileRef = 4D9EFE6B25808DE400A1214E /* Assets.xcassets */; };
		4D9EFE6F25808DE400A1214E /* LaunchScreen.storyboard in Resources */ = {isa = PBXBuildFile; fileRef = 4D9EFE6D25808DE400A1214E /* LaunchScreen.storyboard */; };
		4D9EFE7A25808DE400A1214E /* tippyTests.swift in Sources */ = {isa = PBXBuildFile; fileRef = 4D9EFE7925808DE400A1214E /* tippyTests.swift */; };
		4D9EFE8525808DE400A1214E /* tippyUITests.swift in Sources */ = {isa = PBXBuildFile; fileRef = 4D9EFE8425808DE400A1214E /* tippyUITests.swift */; };
/* End PBXBuildFile section */

/* Begin PBXContainerItemProxy section */
		4D9EFE7625808DE400A1214E /* PBXContainerItemProxy */ = {
			isa = PBXContainerItemProxy;
			containerPortal = 4D9EFE5725808DE300A1214E /* Project object */;
			proxyType = 1;
			remoteGlobalIDString = 4D9EFE5E25808DE300A1214E;
			remoteInfo = tippy;
		};
		4D9EFE8125808DE400A1214E /* PBXContainerItemProxy */ = {
			isa = PBXContainerItemProxy;
			containerPortal = 4D9EFE5725808DE300A1214E /* Project object */;
			proxyType = 1;
			remoteGlobalIDString = 4D9EFE5E25808DE300A1214E;
			remoteInfo = tippy;
		};
/* End PBXContainerItemProxy section */

/* Begin PBXFileReference section */
		4D9EFE5F25808DE300A1214E /* tippy.app */ = {isa = PBXFileReference; explicitFileType = wrapper.application; includeInIndex = 0; path = tippy.app; sourceTree = BUILT_PRODUCTS_DIR; };
		4D9EFE6225808DE300A1214E /* AppDelegate.swift */ = {isa = PBXFileReference; lastKnownFileType = sourcecode.swift; path = AppDelegate.swift; sourceTree = "<group>"; };
		4D9EFE6425808DE300A1214E /* SceneDelegate.swift */ = {isa = PBXFileReference; lastKnownFileType = sourcecode.swift; path = SceneDelegate.swift; sourceTree = "<group>"; };
		4D9EFE6625808DE300A1214E /* ViewController.swift */ = {isa = PBXFileReference; lastKnownFileType = sourcecode.swift; path = ViewController.swift; sourceTree = "<group>"; };
		4D9EFE6925808DE300A1214E /* Base */ = {isa = PBXFileReference; lastKnownFileType = file.storyboard; name = Base; path = Base.lproj/Main.storyboard; sourceTree = "<group>"; };
		4D9EFE6B25808DE400A1214E /* Assets.xcassets */ = {isa = PBXFileReference; lastKnownFileType = folder.assetcatalog; path = Assets.xcassets; sourceTree = "<group>"; };
		4D9EFE6E25808DE400A1214E /* Base */ = {isa = PBXFileReference; lastKnownFileType = file.storyboard; name = Base; path = Base.lproj/LaunchScreen.storyboard; sourceTree = "<group>"; };
		4D9EFE7025808DE400A1214E /* Info.plist */ = {isa = PBXFileReference; lastKnownFileType = text.plist.xml; path = Info.plist; sourceTree = "<group>"; };
		4D9EFE7525808DE400A1214E /* tippyTests.xctest */ = {isa = PBXFileReference; explicitFileType = wrapper.cfbundle; includeInIndex = 0; path = tippyTests.xctest; sourceTree = BUILT_PRODUCTS_DIR; };
		4D9EFE7925808DE400A1214E /* tippyTests.swift */ = {isa = PBXFileReference; lastKnownFileType = sourcecode.swift; path = tippyTests.swift; sourceTree = "<group>"; };
		4D9EFE7B25808DE400A1214E /* Info.plist */ = {isa = PBXFileReference; lastKnownFileType = text.plist.xml; path = Info.plist; sourceTree = "<group>"; };
		4D9EFE8025808DE400A1214E /* tippyUITests.xctest */ = {isa = PBXFileReference; explicitFileType = wrapper.cfbundle; includeInIndex = 0; path = tippyUITests.xctest; sourceTree = BUILT_PRODUCTS_DIR; };
		4D9EFE8425808DE400A1214E /* tippyUITests.swift */ = {isa = PBXFileReference; lastKnownFileType = sourcecode.swift; path = tippyUITests.swift; sourceTree = "<group>"; };
		4D9EFE8625808DE400A1214E /* Info.plist */ = {isa = PBXFileReference; lastKnownFileType = text.plist.xml; path = Info.plist; sourceTree = "<group>"; };
/* End PBXFileReference section */

/* Begin PBXFrameworksBuildPhase section */
		4D9EFE5C25808DE300A1214E /* Frameworks */ = {
			isa = PBXFrameworksBuildPhase;
			buildActionMask = 2147483647;
			files = (
			);
			runOnlyForDeploymentPostprocessing = 0;
		};
		4D9EFE7225808DE400A1214E /* Frameworks */ = {
			isa = PBXFrameworksBuildPhase;
			buildActionMask = 2147483647;
			files = (
			);
			runOnlyForDeploymentPostprocessing = 0;
		};
		4D9EFE7D25808DE400A1214E /* Frameworks */ = {
			isa = PBXFrameworksBuildPhase;
			buildActionMask = 2147483647;
			files = (
			);
			runOnlyForDeploymentPostprocessing = 0;
		};
/* End PBXFrameworksBuildPhase section */

/* Begin PBXGroup section */
		4D9EFE5625808DE300A1214E = {
			isa = PBXGroup;
			children = (
				4D9EFE6125808DE300A1214E /* tippy */,
				4D9EFE7825808DE400A1214E /* tippyTests */,
				4D9EFE8325808DE400A1214E /* tippyUITests */,
				4D9EFE6025808DE300A1214E /* Products */,
			);
			sourceTree = "<group>";
		};
		4D9EFE6025808DE300A1214E /* Products */ = {
			isa = PBXGroup;
			children = (
				4D9EFE5F25808DE300A1214E /* tippy.app */,
				4D9EFE7525808DE400A1214E /* tippyTests.xctest */,
				4D9EFE8025808DE400A1214E /* tippyUITests.xctest */,
			);
			name = Products;
			sourceTree = "<group>";
		};
		4D9EFE6125808DE300A1214E /* tippy */ = {
			isa = PBXGroup;
			children = (
				4D9EFE6225808DE300A1214E /* AppDelegate.swift */,
				4D9EFE6425808DE300A1214E /* SceneDelegate.swift */,
				4D9EFE6625808DE300A1214E /* ViewController.swift */,
				4D9EFE6825808DE300A1214E /* Main.storyboard */,
				4D9EFE6B25808DE400A1214E /* Assets.xcassets */,
				4D9EFE6D25808DE400A1214E /* LaunchScreen.storyboard */,
				4D9EFE7025808DE400A1214E /* Info.plist */,
			);
			path = tippy;
			sourceTree = "<group>";
		};
		4D9EFE7825808DE400A1214E /* tippyTests */ = {
			isa = PBXGroup;
			children = (
				4D9EFE7925808DE400A1214E /* tippyTests.swift */,
				4D9EFE7B25808DE400A1214E /* Info.plist */,
			);
			path = tippyTests;
			sourceTree = "<group>";
		};
		4D9EFE8325808DE400A1214E /* tippyUITests */ = {
			isa = PBXGroup;
			children = (
				4D9EFE8425808DE400A1214E /* tippyUITests.swift */,
				4D9EFE8625808DE400A1214E /* Info.plist */,
			);
			path = tippyUITests;
			sourceTree = "<group>";
		};
/* End PBXGroup section */

/* Begin PBXNativeTarget section */
		4D9EFE5E25808DE300A1214E /* tippy */ = {
			isa = PBXNativeTarget;
			buildConfigurationList = 4D9EFE8925808DE400A1214E /* Build configuration list for PBXNativeTarget "tippy" */;
			buildPhases = (
				4D9EFE5B25808DE300A1214E /* Sources */,
				4D9EFE5C25808DE300A1214E /* Frameworks */,
				4D9EFE5D25808DE300A1214E /* Resources */,
			);
			buildRules = (
			);
			dependencies = (
			);
			name = tippy;
			productName = tippy;
			productReference = 4D9EFE5F25808DE300A1214E /* tippy.app */;
			productType = "com.apple.product-type.application";
		};
		4D9EFE7425808DE400A1214E /* tippyTests */ = {
			isa = PBXNativeTarget;
			buildConfigurationList = 4D9EFE8C25808DE400A1214E /* Build configuration list for PBXNativeTarget "tippyTests" */;
			buildPhases = (
				4D9EFE7125808DE400A1214E /* Sources */,
				4D9EFE7225808DE400A1214E /* Frameworks */,
				4D9EFE7325808DE400A1214E /* Resources */,
			);
			buildRules = (
			);
			dependencies = (
				4D9EFE7725808DE400A1214E /* PBXTargetDependency */,
			);
			name = tippyTests;
			productName = tippyTests;
			productReference = 4D9EFE7525808DE400A1214E /* tippyTests.xctest */;
			productType = "com.apple.product-type.bundle.unit-test";
		};
		4D9EFE7F25808DE400A1214E /* tippyUITests */ = {
			isa = PBXNativeTarget;
			buildConfigurationList = 4D9EFE8F25808DE400A1214E /* Build configuration list for PBXNativeTarget "tippyUITests" */;
			buildPhases = (
				4D9EFE7C25808DE400A1214E /* Sources */,
				4D9EFE7D25808DE400A1214E /* Frameworks */,
				4D9EFE7E25808DE400A1214E /* Resources */,
			);
			buildRules = (
			);
			dependencies = (
				4D9EFE8225808DE400A1214E /* PBXTargetDependency */,
			);
			name = tippyUITests;
			productName = tippyUITests;
			productReference = 4D9EFE8025808DE400A1214E /* tippyUITests.xctest */;
			productType = "com.apple.product-type.bundle.ui-testing";
		};
/* End PBXNativeTarget section */

/* Begin PBXProject section */
		4D9EFE5725808DE300A1214E /* Project object */ = {
			isa = PBXProject;
			attributes = {
				LastSwiftUpdateCheck = 1220;
				LastUpgradeCheck = 1220;
				TargetAttributes = {
					4D9EFE5E25808DE300A1214E = {
						CreatedOnToolsVersion = 12.2;
					};
					4D9EFE7425808DE400A1214E = {
						CreatedOnToolsVersion = 12.2;
						TestTargetID = 4D9EFE5E25808DE300A1214E;
					};
					4D9EFE7F25808DE400A1214E = {
						CreatedOnToolsVersion = 12.2;
						TestTargetID = 4D9EFE5E25808DE300A1214E;
					};
				};
			};
			buildConfigurationList = 4D9EFE5A25808DE300A1214E /* Build configuration list for PBXProject "tippy" */;
			compatibilityVersion = "Xcode 9.3";
			developmentRegion = en;
			hasScannedForEncodings = 0;
			knownRegions = (
				en,
				Base,
			);
			mainGroup = 4D9EFE5625808DE300A1214E;
			productRefGroup = 4D9EFE6025808DE300A1214E /* Products */;
			projectDirPath = "";
			projectRoot = "";
			targets = (
				4D9EFE5E25808DE300A1214E /* tippy */,
				4D9EFE7425808DE400A1214E /* tippyTests */,
				4D9EFE7F25808DE400A1214E /* tippyUITests */,
			);
		};
/* End PBXProject section */

/* Begin PBXResourcesBuildPhase section */
		4D9EFE5D25808DE300A1214E /* Resources */ = {
			isa = PBXResourcesBuildPhase;
			buildActionMask = 2147483647;
			files = (
				4D9EFE6F25808DE400A1214E /* LaunchScreen.storyboard in Resources */,
				4D9EFE6C25808DE400A1214E /* Assets.xcassets in Resources */,
				4D9EFE6A25808DE300A1214E /* Main.storyboard in Resources */,
			);
			runOnlyForDeploymentPostprocessing = 0;
		};
		4D9EFE7325808DE400A1214E /* Resources */ = {
			isa = PBXResourcesBuildPhase;
			buildActionMask = 2147483647;
			files = (
			);
			runOnlyForDeploymentPostprocessing = 0;
		};
		4D9EFE7E25808DE400A1214E /* Resources */ = {
			isa = PBXResourcesBuildPhase;
			buildActionMask = 2147483647;
			files = (
			);
			runOnlyForDeploymentPostprocessing = 0;
		};
/* End PBXResourcesBuildPhase section */

/* Begin PBXSourcesBuildPhase section */
		4D9EFE5B25808DE300A1214E /* Sources */ = {
			isa = PBXSourcesBuildPhase;
			buildActionMask = 2147483647;
			files = (
				4D9EFE6725808DE300A1214E /* ViewController.swift in Sources */,
				4D9EFE6325808DE300A1214E /* AppDelegate.swift in Sources */,
				4D9EFE6525808DE300A1214E /* SceneDelegate.swift in Sources */,
			);
			runOnlyForDeploymentPostprocessing = 0;
		};
		4D9EFE7125808DE400A1214E /* Sources */ = {
			isa = PBXSourcesBuildPhase;
			buildActionMask = 2147483647;
			files = (
				4D9EFE7A25808DE400A1214E /* tippyTests.swift in Sources */,
			);
			runOnlyForDeploymentPostprocessing = 0;
		};
		4D9EFE7C25808DE400A1214E /* Sources */ = {
			isa = PBXSourcesBuildPhase;
			buildActionMask = 2147483647;
			files = (
				4D9EFE8525808DE400A1214E /* tippyUITests.swift in Sources */,
			);
			runOnlyForDeploymentPostprocessing = 0;
		};
/* End PBXSourcesBuildPhase section */

/* Begin PBXTargetDependency section */
		4D9EFE7725808DE400A1214E /* PBXTargetDependency */ = {
			isa = PBXTargetDependency;
			target = 4D9EFE5E25808DE300A1214E /* tippy */;
			targetProxy = 4D9EFE7625808DE400A1214E /* PBXContainerItemProxy */;
		};
		4D9EFE8225808DE400A1214E /* PBXTargetDependency */ = {
			isa = PBXTargetDependency;
			target = 4D9EFE5E25808DE300A1214E /* tippy */;
			targetProxy = 4D9EFE8125808DE400A1214E /* PBXContainerItemProxy */;
		};
/* End PBXTargetDependency section */

/* Begin PBXVariantGroup section */
		4D9EFE6825808DE300A1214E /* Main.storyboard */ = {
			isa = PBXVariantGroup;
			children = (
				4D9EFE6925808DE300A1214E /* Base */,
			);
			name = Main.storyboard;
			sourceTree = "<group>";
		};
		4D9EFE6D25808DE400A1214E /* LaunchScreen.storyboard */ = {
			isa = PBXVariantGroup;
			children = (
				4D9EFE6E25808DE400A1214E /* Base */,
			);
			name = LaunchScreen.storyboard;
			sourceTree = "<group>";
		};
/* End PBXVariantGroup section */

/* Begin XCBuildConfiguration section */
		4D9EFE8725808DE400A1214E /* Debug */ = {
			isa = XCBuildConfiguration;
			buildSettings = {
				ALWAYS_SEARCH_USER_PATHS = NO;
				CLANG_ANALYZER_NONNULL = YES;
				CLANG_ANALYZER_NUMBER_OBJECT_CONVERSION = YES_AGGRESSIVE;
				CLANG_CXX_LANGUAGE_STANDARD = "gnu++14";
				CLANG_CXX_LIBRARY = "libc++";
				CLANG_ENABLE_MODULES = YES;
				CLANG_ENABLE_OBJC_ARC = YES;
				CLANG_ENABLE_OBJC_WEAK = YES;
				CLANG_WARN_BLOCK_CAPTURE_AUTORELEASING = YES;
				CLANG_WARN_BOOL_CONVERSION = YES;
				CLANG_WARN_COMMA = YES;
				CLANG_WARN_CONSTANT_CONVERSION = YES;
				CLANG_WARN_DEPRECATED_OBJC_IMPLEMENTATIONS = YES;
				CLANG_WARN_DIRECT_OBJC_ISA_USAGE = YES_ERROR;
				CLANG_WARN_DOCUMENTATION_COMMENTS = YES;
				CLANG_WARN_EMPTY_BODY = YES;
				CLANG_WARN_ENUM_CONVERSION = YES;
				CLANG_WARN_INFINITE_RECURSION = YES;
				CLANG_WARN_INT_CONVERSION = YES;
				CLANG_WARN_NON_LITERAL_NULL_CONVERSION = YES;
				CLANG_WARN_OBJC_IMPLICIT_RETAIN_SELF = YES;
				CLANG_WARN_OBJC_LITERAL_CONVERSION = YES;
				CLANG_WARN_OBJC_ROOT_CLASS = YES_ERROR;
				CLANG_WARN_QUOTED_INCLUDE_IN_FRAMEWORK_HEADER = YES;
				CLANG_WARN_RANGE_LOOP_ANALYSIS = YES;
				CLANG_WARN_STRICT_PROTOTYPES = YES;
				CLANG_WARN_SUSPICIOUS_MOVE = YES;
				CLANG_WARN_UNGUARDED_AVAILABILITY = YES_AGGRESSIVE;
				CLANG_WARN_UNREACHABLE_CODE = YES;
				CLANG_WARN__DUPLICATE_METHOD_MATCH = YES;
				COPY_PHASE_STRIP = NO;
				DEBUG_INFORMATION_FORMAT = dwarf;
				ENABLE_STRICT_OBJC_MSGSEND = YES;
				ENABLE_TESTABILITY = YES;
				GCC_C_LANGUAGE_STANDARD = gnu11;
				GCC_DYNAMIC_NO_PIC = NO;
				GCC_NO_COMMON_BLOCKS = YES;
				GCC_OPTIMIZATION_LEVEL = 0;
				GCC_PREPROCESSOR_DEFINITIONS = (
					"DEBUG=1",
					"$(inherited)",
				);
				GCC_WARN_64_TO_32_BIT_CONVERSION = YES;
				GCC_WARN_ABOUT_RETURN_TYPE = YES_ERROR;
				GCC_WARN_UNDECLARED_SELECTOR = YES;
				GCC_WARN_UNINITIALIZED_AUTOS = YES_AGGRESSIVE;
				GCC_WARN_UNUSED_FUNCTION = YES;
				GCC_WARN_UNUSED_VARIABLE = YES;
				IPHONEOS_DEPLOYMENT_TARGET = 14.2;
				MTL_ENABLE_DEBUG_INFO = INCLUDE_SOURCE;
				MTL_FAST_MATH = YES;
				ONLY_ACTIVE_ARCH = YES;
				SDKROOT = iphoneos;
				SWIFT_ACTIVE_COMPILATION_CONDITIONS = DEBUG;
				SWIFT_OPTIMIZATION_LEVEL = "-Onone";
			};
			name = Debug;
		};
		4D9EFE8825808DE400A1214E /* Release */ = {
			isa = XCBuildConfiguration;
			buildSettings = {
				ALWAYS_SEARCH_USER_PATHS = NO;
				CLANG_ANALYZER_NONNULL = YES;
				CLANG_ANALYZER_NUMBER_OBJECT_CONVERSION = YES_AGGRESSIVE;
				CLANG_CXX_LANGUAGE_STANDARD = "gnu++14";
				CLANG_CXX_LIBRARY = "libc++";
				CLANG_ENABLE_MODULES = YES;
				CLANG_ENABLE_OBJC_ARC = YES;
				CLANG_ENABLE_OBJC_WEAK = YES;
				CLANG_WARN_BLOCK_CAPTURE_AUTORELEASING = YES;
				CLANG_WARN_BOOL_CONVERSION = YES;
				CLANG_WARN_COMMA = YES;
				CLANG_WARN_CONSTANT_CONVERSION = YES;
				CLANG_WARN_DEPRECATED_OBJC_IMPLEMENTATIONS = YES;
				CLANG_WARN_DIRECT_OBJC_ISA_USAGE = YES_ERROR;
				CLANG_WARN_DOCUMENTATION_COMMENTS = YES;
				CLANG_WARN_EMPTY_BODY = YES;
				CLANG_WARN_ENUM_CONVERSION = YES;
				CLANG_WARN_INFINITE_RECURSION = YES;
				CLANG_WARN_INT_CONVERSION = YES;
				CLANG_WARN_NON_LITERAL_NULL_CONVERSION = YES;
				CLANG_WARN_OBJC_IMPLICIT_RETAIN_SELF = YES;
				CLANG_WARN_OBJC_LITERAL_CONVERSION = YES;
				CLANG_WARN_OBJC_ROOT_CLASS = YES_ERROR;
				CLANG_WARN_QUOTED_INCLUDE_IN_FRAMEWORK_HEADER = YES;
				CLANG_WARN_RANGE_LOOP_ANALYSIS = YES;
				CLANG_WARN_STRICT_PROTOTYPES = YES;
				CLANG_WARN_SUSPICIOUS_MOVE = YES;
				CLANG_WARN_UNGUARDED_AVAILABILITY = YES_AGGRESSIVE;
				CLANG_WARN_UNREACHABLE_CODE = YES;
				CLANG_WARN__DUPLICATE_METHOD_MATCH = YES;
				COPY_PHASE_STRIP = NO;
				DEBUG_INFORMATION_FORMAT = "dwarf-with-dsym";
				ENABLE_NS_ASSERTIONS = NO;
				ENABLE_STRICT_OBJC_MSGSEND = YES;
				GCC_C_LANGUAGE_STANDARD = gnu11;
				GCC_NO_COMMON_BLOCKS = YES;
				GCC_WARN_64_TO_32_BIT_CONVERSION = YES;
				GCC_WARN_ABOUT_RETURN_TYPE = YES_ERROR;
				GCC_WARN_UNDECLARED_SELECTOR = YES;
				GCC_WARN_UNINITIALIZED_AUTOS = YES_AGGRESSIVE;
				GCC_WARN_UNUSED_FUNCTION = YES;
				GCC_WARN_UNUSED_VARIABLE = YES;
				IPHONEOS_DEPLOYMENT_TARGET = 14.2;
				MTL_ENABLE_DEBUG_INFO = NO;
				MTL_FAST_MATH = YES;
				SDKROOT = iphoneos;
				SWIFT_COMPILATION_MODE = wholemodule;
				SWIFT_OPTIMIZATION_LEVEL = "-O";
				VALIDATE_PRODUCT = YES;
			};
			name = Release;
		};
		4D9EFE8A25808DE400A1214E /* Debug */ = {
			isa = XCBuildConfiguration;
			buildSettings = {
				ASSETCATALOG_COMPILER_APPICON_NAME = AppIcon;
				ASSETCATALOG_COMPILER_GLOBAL_ACCENT_COLOR_NAME = AccentColor;
				CODE_SIGN_STYLE = Automatic;
				INFOPLIST_FILE = tippy/Info.plist;
				LD_RUNPATH_SEARCH_PATHS = (
					"$(inherited)",
					"@executable_path/Frameworks",
				);
				PRODUCT_BUNDLE_IDENTIFIER = Codepath.tippy;
				PRODUCT_NAME = "$(TARGET_NAME)";
				SWIFT_VERSION = 5.0;
				TARGETED_DEVICE_FAMILY = "1,2";
			};
			name = Debug;
		};
		4D9EFE8B25808DE400A1214E /* Release */ = {
			isa = XCBuildConfiguration;
			buildSettings = {
				ASSETCATALOG_COMPILER_APPICON_NAME = AppIcon;
				ASSETCATALOG_COMPILER_GLOBAL_ACCENT_COLOR_NAME = AccentColor;
				CODE_SIGN_STYLE = Automatic;
				INFOPLIST_FILE = tippy/Info.plist;
				LD_RUNPATH_SEARCH_PATHS = (
					"$(inherited)",
					"@executable_path/Frameworks",
				);
				PRODUCT_BUNDLE_IDENTIFIER = Codepath.tippy;
				PRODUCT_NAME = "$(TARGET_NAME)";
				SWIFT_VERSION = 5.0;
				TARGETED_DEVICE_FAMILY = "1,2";
			};
			name = Release;
		};
		4D9EFE8D25808DE400A1214E /* Debug */ = {
			isa = XCBuildConfiguration;
			buildSettings = {
				ALWAYS_EMBED_SWIFT_STANDARD_LIBRARIES = YES;
				BUNDLE_LOADER = "$(TEST_HOST)";
				CODE_SIGN_STYLE = Automatic;
				INFOPLIST_FILE = tippyTests/Info.plist;
				IPHONEOS_DEPLOYMENT_TARGET = 14.2;
				LD_RUNPATH_SEARCH_PATHS = (
					"$(inherited)",
					"@executable_path/Frameworks",
					"@loader_path/Frameworks",
				);
				PRODUCT_BUNDLE_IDENTIFIER = Codepath.tippyTests;
				PRODUCT_NAME = "$(TARGET_NAME)";
				SWIFT_VERSION = 5.0;
				TARGETED_DEVICE_FAMILY = "1,2";
				TEST_HOST = "$(BUILT_PRODUCTS_DIR)/tippy.app/tippy";
			};
			name = Debug;
		};
		4D9EFE8E25808DE400A1214E /* Release */ = {
			isa = XCBuildConfiguration;
			buildSettings = {
				ALWAYS_EMBED_SWIFT_STANDARD_LIBRARIES = YES;
				BUNDLE_LOADER = "$(TEST_HOST)";
				CODE_SIGN_STYLE = Automatic;
				INFOPLIST_FILE = tippyTests/Info.plist;
				IPHONEOS_DEPLOYMENT_TARGET = 14.2;
				LD_RUNPATH_SEARCH_PATHS = (
					"$(inherited)",
					"@executable_path/Frameworks",
					"@loader_path/Frameworks",
				);
				PRODUCT_BUNDLE_IDENTIFIER = Codepath.tippyTests;
				PRODUCT_NAME = "$(TARGET_NAME)";
				SWIFT_VERSION = 5.0;
				TARGETED_DEVICE_FAMILY = "1,2";
				TEST_HOST = "$(BUILT_PRODUCTS_DIR)/tippy.app/tippy";
			};
			name = Release;
		};
		4D9EFE9025808DE400A1214E /* Debug */ = {
			isa = XCBuildConfiguration;
			buildSettings = {
				ALWAYS_EMBED_SWIFT_STANDARD_LIBRARIES = YES;
				CODE_SIGN_STYLE = Automatic;
				INFOPLIST_FILE = tippyUITests/Info.plist;
				LD_RUNPATH_SEARCH_PATHS = (
					"$(inherited)",
					"@executable_path/Frameworks",
					"@loader_path/Frameworks",
				);
				PRODUCT_BUNDLE_IDENTIFIER = Codepath.tippyUITests;
				PRODUCT_NAME = "$(TARGET_NAME)";
				SWIFT_VERSION = 5.0;
				TARGETED_DEVICE_FAMILY = "1,2";
				TEST_TARGET_NAME = tippy;
			};
			name = Debug;
		};
		4D9EFE9125808DE400A1214E /* Release */ = {
			isa = XCBuildConfiguration;
			buildSettings = {
				ALWAYS_EMBED_SWIFT_STANDARD_LIBRARIES = YES;
				CODE_SIGN_STYLE = Automatic;
				INFOPLIST_FILE = tippyUITests/Info.plist;
				LD_RUNPATH_SEARCH_PATHS = (
					"$(inherited)",
					"@executable_path/Frameworks",
					"@loader_path/Frameworks",
				);
				PRODUCT_BUNDLE_IDENTIFIER = Codepath.tippyUITests;
				PRODUCT_NAME = "$(TARGET_NAME)";
				SWIFT_VERSION = 5.0;
				TARGETED_DEVICE_FAMILY = "1,2";
				TEST_TARGET_NAME = tippy;
			};
			name = Release;
		};
/* End XCBuildConfiguration section */

/* Begin XCConfigurationList section */
		4D9EFE5A25808DE300A1214E /* Build configuration list for PBXProject "tippy" */ = {
			isa = XCConfigurationList;
			buildConfigurations = (
				4D9EFE8725808DE400A1214E /* Debug */,
				4D9EFE8825808DE400A1214E /* Release */,
			);
			defaultConfigurationIsVisible = 0;
			defaultConfigurationName = Release;
		};
		4D9EFE8925808DE400A1214E /* Build configuration list for PBXNativeTarget "tippy" */ = {
			isa = XCConfigurationList;
			buildConfigurations = (
				4D9EFE8A25808DE400A1214E /* Debug */,
				4D9EFE8B25808DE400A1214E /* Release */,
			);
			defaultConfigurationIsVisible = 0;
			defaultConfigurationName = Release;
		};
		4D9EFE8C25808DE400A1214E /* Build configuration list for PBXNativeTarget "tippyTests" */ = {
			isa = XCConfigurationList;
			buildConfigurations = (
				4D9EFE8D25808DE400A1214E /* Debug */,
				4D9EFE8E25808DE400A1214E /* Release */,
			);
			defaultConfigurationIsVisible = 0;
			defaultConfigurationName = Release;
		};
		4D9EFE8F25808DE400A1214E /* Build configuration list for PBXNativeTarget "tippyUITests" */ = {
			isa = XCConfigurationList;
			buildConfigurations = (
				4D9EFE9025808DE400A1214E /* Debug */,
				4D9EFE9125808DE400A1214E /* Release */,
			);
			defaultConfigurationIsVisible = 0;
			defaultConfigurationName = Release;
		};
/* End XCConfigurationList section */
	};
	rootObject = 4D9EFE5725808DE300A1214E /* Project object */;
}
